
Microsoft Visual Studio Solution File, Format Version 12.00
# Visual Studio Version 17
VisualStudioVersion = 17.3.32819.101
MinimumVisualStudioVersion = 10.0.40219.1
Project("{FAE04EC0-301F-11D3-BF4B-00C04F79EFBC}") = "Лаб 5", "Лаб 5\Лаб 5.csproj", "{6CE820C6-29C9-4F41-B2C7-F8C1E7D45B30}"
EndProject
Global
	GlobalSection(SolutionConfigurationPlatforms) = preSolution
		Debug|Any CPU = Debug|Any CPU
		Release|Any CPU = Release|Any CPU
	EndGlobalSection
	GlobalSection(ProjectConfigurationPlatforms) = postSolution
		{6CE820C6-29C9-4F41-B2C7-F8C1E7D45B30}.Debug|Any CPU.ActiveCfg = Debug|Any CPU
		{6CE820C6-29C9-4F41-B2C7-F8C1E7D45B30}.Debug|Any CPU.Build.0 = Debug|Any CPU
		{6CE820C6-29C9-4F41-B2C7-F8C1E7D45B30}.Release|Any CPU.ActiveCfg = Release|Any CPU
		{6CE820C6-29C9-4F41-B2C7-F8C1E7D45B30}.Release|Any CPU.Build.0 = Release|Any CPU
	EndGlobalSection
	GlobalSection(SolutionProperties) = preSolution
		HideSolutionNode = FALSE
	EndGlobalSection
	GlobalSection(ExtensibilityGlobals) = postSolution
		SolutionGuid = {1C65F3AC-6BEA-4454-BDA2-66848F736367}
	EndGlobalSection
EndGlobal
